<?xml version="1.0" encoding="utf-8"?>
<Project ToolsVersion="4.0" xmlns="http://schemas.microsoft.com/developer/msbuild/2003">
  <ItemGroup>
    <Filter Include="Common">
      <UniqueIdentifier>{5891586e-765b-453f-8c87-79a41aed6e9b}</UniqueIdentifier>
    </Filter>
  </ItemGroup>
  <ItemGroup>
    <ClCompile Include="..\Common\ErrorCodeToMessage.c">
      <Filter>Common</Filter>
    </ClCompile>
    <ClCompile Include="..\Common\ListCameras.c">
      <Filter>Common</Filter>
    </ClCompile>
    <ClCompile Include="..\Common\ListInterfaces.c">
      <Filter>Common</Filter>
    </ClCompile>
    <ClCompile Include="..\Common\ListTransportLayers.c">
      <Filter>Common</Filter>
    </ClCompile>
    <ClCompile Include="..\Common\PrintVmbVersion.c">
      <Filter>Common</Filter>
    </ClCompile>
    <ClCompile Include="..\Common\TransportLayerTypeToString.c">
      <Filter>Common</Filter>
    </ClCompile>
    <ClCompile Include="..\Common\VmbStdatomic_Windows.c">
      <Filter>Common</Filter>
    </ClCompile>
    <ClCompile Include="..\Common\VmbThreads_Windows.c">
      <Filter>Common</Filter>
    </ClCompile>
    <ClCompile Include="ListCamerasProg.c" />
    <ClCompile Include="main.c" />
  </ItemGroup>
  <ItemGroup>
    <ClInclude Include="ListCamerasProg.h" />
  </ItemGroup>
</Project>